
Microsoft Visual Studio Solution File, Format Version 12.00
# Visual Studio Version 16
VisualStudioVersion = 16.0.32126.315
MinimumVisualStudioVersion = 10.0.40219.1
Project("{FAE04EC0-301F-11D3-BF4B-00C04F79EFBC}") = "SEDC.Oop.Class06.NumberStats", "SEDC.Oop.Class06.NumberStats\SEDC.Oop.Class06.NumberStats.csproj", "{254E0172-32D1-4644-BE1A-518BCF64A272}"
EndProject
Global
	GlobalSection(SolutionConfigurationPlatforms) = preSolution
		Debug|Any CPU = Debug|Any CPU
		Release|Any CPU = Release|Any CPU
	EndGlobalSection
	GlobalSection(ProjectConfigurationPlatforms) = postSolution
		{254E0172-32D1-4644-BE1A-518BCF64A272}.Debug|Any CPU.ActiveCfg = Debug|Any CPU
		{254E0172-32D1-4644-BE1A-518BCF64A272}.Debug|Any CPU.Build.0 = Debug|Any CPU
		{254E0172-32D1-4644-BE1A-518BCF64A272}.Release|Any CPU.ActiveCfg = Release|Any CPU
		{254E0172-32D1-4644-BE1A-518BCF64A272}.Release|Any CPU.Build.0 = Release|Any CPU
	EndGlobalSection
	GlobalSection(SolutionProperties) = preSolution
		HideSolutionNode = FALSE
	EndGlobalSection
	GlobalSection(ExtensibilityGlobals) = postSolution
		SolutionGuid = {DCF87295-CE7C-409F-9F76-5B5D6A03717F}
	EndGlobalSection
EndGlobal
